// !$*UTF8*$!
{
	archiveVersion = 1;
	classes = {
	};
	objectVersion = 55;
	objects = {

/* Begin PBXBuildFile section */
		969B0D9328A2B9CB008467EA /* AppDelegate.swift in Sources */ = {isa = PBXBuildFile; fileRef = 969B0D9228A2B9CB008467EA /* AppDelegate.swift */; };
		969B0D9728A2B9CB008467EA /* ViewController.swift in Sources */ = {isa = PBXBuildFile; fileRef = 969B0D9628A2B9CB008467EA /* ViewController.swift */; };
		969B0D9A28A2B9CB008467EA /* Main.storyboard in Resources */ = {isa = PBXBuildFile; fileRef = 969B0D9828A2B9CB008467EA /* Main.storyboard */; };
		969B0D9C28A2B9CE008467EA /* Assets.xcassets in Resources */ = {isa = PBXBuildFile; fileRef = 969B0D9B28A2B9CE008467EA /* Assets.xcassets */; };
		969B0D9F28A2B9CE008467EA /* LaunchScreen.storyboard in Resources */ = {isa = PBXBuildFile; fileRef = 969B0D9D28A2B9CE008467EA /* LaunchScreen.storyboard */; };
		969B0DAA28A7AB6F008467EA /* CircleMoveVC.swift in Sources */ = {isa = PBXBuildFile; fileRef = 969B0DA928A7AB6F008467EA /* CircleMoveVC.swift */; };
		969B0DAE28A7B1F9008467EA /* CatGameVC.swift in Sources */ = {isa = PBXBuildFile; fileRef = 969B0DAD28A7B1F9008467EA /* CatGameVC.swift */; };
		969B0DB128A7B41D008467EA /* Function.swift in Sources */ = {isa = PBXBuildFile; fileRef = 969B0DB028A7B41D008467EA /* Function.swift */; };
		969B0DB328A7BE5A008467EA /* RectangleVC.swift in Sources */ = {isa = PBXBuildFile; fileRef = 969B0DB228A7BE5A008467EA /* RectangleVC.swift */; };
/* End PBXBuildFile section */

/* Begin PBXFileReference section */
		969B0D8F28A2B9CB008467EA /* myProject.app */ = {isa = PBXFileReference; explicitFileType = wrapper.application; includeInIndex = 0; path = myProject.app; sourceTree = BUILT_PRODUCTS_DIR; };
		969B0D9228A2B9CB008467EA /* AppDelegate.swift */ = {isa = PBXFileReference; lastKnownFileType = sourcecode.swift; path = AppDelegate.swift; sourceTree = "<group>"; };
		969B0D9628A2B9CB008467EA /* ViewController.swift */ = {isa = PBXFileReference; lastKnownFileType = sourcecode.swift; path = ViewController.swift; sourceTree = "<group>"; };
		969B0D9928A2B9CB008467EA /* Base */ = {isa = PBXFileReference; lastKnownFileType = file.storyboard; name = Base; path = Base.lproj/Main.storyboard; sourceTree = "<group>"; };
		969B0D9B28A2B9CE008467EA /* Assets.xcassets */ = {isa = PBXFileReference; lastKnownFileType = folder.assetcatalog; path = Assets.xcassets; sourceTree = "<group>"; };
		969B0D9E28A2B9CE008467EA /* Base */ = {isa = PBXFileReference; lastKnownFileType = file.storyboard; name = Base; path = Base.lproj/LaunchScreen.storyboard; sourceTree = "<group>"; };
		969B0DA028A2B9CE008467EA /* Info.plist */ = {isa = PBXFileReference; lastKnownFileType = text.plist.xml; path = Info.plist; sourceTree = "<group>"; };
		969B0DA928A7AB6F008467EA /* CircleMoveVC.swift */ = {isa = PBXFileReference; lastKnownFileType = sourcecode.swift; path = CircleMoveVC.swift; sourceTree = "<group>"; };
		969B0DAD28A7B1F9008467EA /* CatGameVC.swift */ = {isa = PBXFileReference; lastKnownFileType = sourcecode.swift; path = CatGameVC.swift; sourceTree = "<group>"; };
		969B0DB028A7B41D008467EA /* Function.swift */ = {isa = PBXFileReference; lastKnownFileType = sourcecode.swift; path = Function.swift; sourceTree = "<group>"; };
		969B0DB228A7BE5A008467EA /* RectangleVC.swift */ = {isa = PBXFileReference; lastKnownFileType = sourcecode.swift; path = RectangleVC.swift; sourceTree = "<group>"; };
/* End PBXFileReference section */

/* Begin PBXFrameworksBuildPhase section */
		969B0D8C28A2B9CB008467EA /* Frameworks */ = {
			isa = PBXFrameworksBuildPhase;
			buildActionMask = 2147483647;
			files = (
			);
			runOnlyForDeploymentPostprocessing = 0;
		};
/* End PBXFrameworksBuildPhase section */

/* Begin PBXGroup section */
		969B0D8628A2B9CB008467EA = {
			isa = PBXGroup;
			children = (
				969B0D9128A2B9CB008467EA /* myProject */,
				969B0D9028A2B9CB008467EA /* Products */,
			);
			sourceTree = "<group>";
		};
		969B0D9028A2B9CB008467EA /* Products */ = {
			isa = PBXGroup;
			children = (
				969B0D8F28A2B9CB008467EA /* myProject.app */,
			);
			name = Products;
			sourceTree = "<group>";
		};
		969B0D9128A2B9CB008467EA /* myProject */ = {
			isa = PBXGroup;
			children = (
				969B0DAF28A7B406008467EA /* src */,
				969B0DA628A7AB06008467EA /* VCs */,
				969B0D9228A2B9CB008467EA /* AppDelegate.swift */,
				969B0D9828A2B9CB008467EA /* Main.storyboard */,
				969B0D9B28A2B9CE008467EA /* Assets.xcassets */,
				969B0D9D28A2B9CE008467EA /* LaunchScreen.storyboard */,
				969B0DA028A2B9CE008467EA /* Info.plist */,
			);
			path = myProject;
			sourceTree = "<group>";
		};
		969B0DA628A7AB06008467EA /* VCs */ = {
			isa = PBXGroup;
			children = (
				969B0D9628A2B9CB008467EA /* ViewController.swift */,
				969B0DA928A7AB6F008467EA /* CircleMoveVC.swift */,
				969B0DAD28A7B1F9008467EA /* CatGameVC.swift */,
				969B0DB228A7BE5A008467EA /* RectangleVC.swift */,
			);
			path = VCs;
			sourceTree = "<group>";
		};
		969B0DAF28A7B406008467EA /* src */ = {
			isa = PBXGroup;
			children = (
				969B0DB028A7B41D008467EA /* Function.swift */,
			);
			path = src;
			sourceTree = "<group>";
		};
/* End PBXGroup section */

/* Begin PBXNativeTarget section */
		969B0D8E28A2B9CB008467EA /* myProject */ = {
			isa = PBXNativeTarget;
			buildConfigurationList = 969B0DA328A2B9CE008467EA /* Build configuration list for PBXNativeTarget "myProject" */;
			buildPhases = (
				969B0D8B28A2B9CB008467EA /* Sources */,
				969B0D8C28A2B9CB008467EA /* Frameworks */,
				969B0D8D28A2B9CB008467EA /* Resources */,
			);
			buildRules = (
			);
			dependencies = (
			);
			name = myProject;
			productName = myProject;
			productReference = 969B0D8F28A2B9CB008467EA /* myProject.app */;
			productType = "com.apple.product-type.application";
		};
/* End PBXNativeTarget section */

/* Begin PBXProject section */
		969B0D8728A2B9CB008467EA /* Project object */ = {
			isa = PBXProject;
			attributes = {
				BuildIndependentTargetsInParallel = 1;
				LastSwiftUpdateCheck = 1340;
				LastUpgradeCheck = 1340;
				TargetAttributes = {
					969B0D8E28A2B9CB008467EA = {
						CreatedOnToolsVersion = 13.4.1;
					};
				};
			};
			buildConfigurationList = 969B0D8A28A2B9CB008467EA /* Build configuration list for PBXProject "myProject" */;
			compatibilityVersion = "Xcode 13.0";
			developmentRegion = en;
			hasScannedForEncodings = 0;
			knownRegions = (
				en,
				Base,
			);
			mainGroup = 969B0D8628A2B9CB008467EA;
			productRefGroup = 969B0D9028A2B9CB008467EA /* Products */;
			projectDirPath = "";
			projectRoot = "";
			targets = (
				969B0D8E28A2B9CB008467EA /* myProject */,
			);
		};
/* End PBXProject section */

/* Begin PBXResourcesBuildPhase section */
		969B0D8D28A2B9CB008467EA /* Resources */ = {
			isa = PBXResourcesBuildPhase;
			buildActionMask = 2147483647;
			files = (
				969B0D9F28A2B9CE008467EA /* LaunchScreen.storyboard in Resources */,
				969B0D9C28A2B9CE008467EA /* Assets.xcassets in Resources */,
				969B0D9A28A2B9CB008467EA /* Main.storyboard in Resources */,
			);
			runOnlyForDeploymentPostprocessing = 0;
		};
/* End PBXResourcesBuildPhase section */

/* Begin PBXSourcesBuildPhase section */
		969B0D8B28A2B9CB008467EA /* Sources */ = {
			isa = PBXSourcesBuildPhase;
			buildActionMask = 2147483647;
			files = (
				969B0DAE28A7B1F9008467EA /* CatGameVC.swift in Sources */,
				969B0D9728A2B9CB008467EA /* ViewController.swift in Sources */,
				969B0DB328A7BE5A008467EA /* RectangleVC.swift in Sources */,
				969B0DB128A7B41D008467EA /* Function.swift in Sources */,
				969B0D9328A2B9CB008467EA /* AppDelegate.swift in Sources */,
				969B0DAA28A7AB6F008467EA /* CircleMoveVC.swift in Sources */,
			);
			runOnlyForDeploymentPostprocessing = 0;
		};
/* End PBXSourcesBuildPhase section */

/* Begin PBXVariantGroup section */
		969B0D9828A2B9CB008467EA /* Main.storyboard */ = {
			isa = PBXVariantGroup;
			children = (
				969B0D9928A2B9CB008467EA /* Base */,
			);
			name = Main.storyboard;
			sourceTree = "<group>";
		};
		969B0D9D28A2B9CE008467EA /* LaunchScreen.storyboard */ = {
			isa = PBXVariantGroup;
			children = (
				969B0D9E28A2B9CE008467EA /* Base */,
			);
			name = LaunchScreen.storyboard;
			sourceTree = "<group>";
		};
/* End PBXVariantGroup section */

/* Begin XCBuildConfiguration section */
		969B0DA128A2B9CE008467EA /* Debug */ = {
			isa = XCBuildConfiguration;
			buildSettings = {
				ALWAYS_SEARCH_USER_PATHS = NO;
				CLANG_ANALYZER_NONNULL = YES;
				CLANG_ANALYZER_NUMBER_OBJECT_CONVERSION = YES_AGGRESSIVE;
				CLANG_CXX_LANGUAGE_STANDARD = "gnu++17";
				CLANG_ENABLE_MODULES = YES;
				CLANG_ENABLE_OBJC_ARC = YES;
				CLANG_ENABLE_OBJC_WEAK = YES;
				CLANG_WARN_BLOCK_CAPTURE_AUTORELEASING = YES;
				CLANG_WARN_BOOL_CONVERSION = YES;
				CLANG_WARN_COMMA = YES;
				CLANG_WARN_CONSTANT_CONVERSION = YES;
				CLANG_WARN_DEPRECATED_OBJC_IMPLEMENTATIONS = YES;
				CLANG_WARN_DIRECT_OBJC_ISA_USAGE = YES_ERROR;
				CLANG_WARN_DOCUMENTATION_COMMENTS = YES;
				CLANG_WARN_EMPTY_BODY = YES;
				CLANG_WARN_ENUM_CONVERSION = YES;
				CLANG_WARN_INFINITE_RECURSION = YES;
				CLANG_WARN_INT_CONVERSION = YES;
				CLANG_WARN_NON_LITERAL_NULL_CONVERSION = YES;
				CLANG_WARN_OBJC_IMPLICIT_RETAIN_SELF = YES;
				CLANG_WARN_OBJC_LITERAL_CONVERSION = YES;
				CLANG_WARN_OBJC_ROOT_CLASS = YES_ERROR;
				CLANG_WARN_QUOTED_INCLUDE_IN_FRAMEWORK_HEADER = YES;
				CLANG_WARN_RANGE_LOOP_ANALYSIS = YES;
				CLANG_WARN_STRICT_PROTOTYPES = YES;
				CLANG_WARN_SUSPICIOUS_MOVE = YES;
				CLANG_WARN_UNGUARDED_AVAILABILITY = YES_AGGRESSIVE;
				CLANG_WARN_UNREACHABLE_CODE = YES;
				CLANG_WARN__DUPLICATE_METHOD_MATCH = YES;
				COPY_PHASE_STRIP = NO;
				DEBUG_INFORMATION_FORMAT = dwarf;
				ENABLE_STRICT_OBJC_MSGSEND = YES;
				ENABLE_TESTABILITY = YES;
				GCC_C_LANGUAGE_STANDARD = gnu11;
				GCC_DYNAMIC_NO_PIC = NO;
				GCC_NO_COMMON_BLOCKS = YES;
				GCC_OPTIMIZATION_LEVEL = 0;
				GCC_PREPROCESSOR_DEFINITIONS = (
					"DEBUG=1",
					"$(inherited)",
				);
				GCC_WARN_64_TO_32_BIT_CONVERSION = YES;
				GCC_WARN_ABOUT_RETURN_TYPE = YES_ERROR;
				GCC_WARN_UNDECLARED_SELECTOR = YES;
				GCC_WARN_UNINITIALIZED_AUTOS = YES_AGGRESSIVE;
				GCC_WARN_UNUSED_FUNCTION = YES;
				GCC_WARN_UNUSED_VARIABLE = YES;
				IPHONEOS_DEPLOYMENT_TARGET = 15.5;
				MTL_ENABLE_DEBUG_INFO = INCLUDE_SOURCE;
				MTL_FAST_MATH = YES;
				ONLY_ACTIVE_ARCH = YES;
				SDKROOT = iphoneos;
				SWIFT_ACTIVE_COMPILATION_CONDITIONS = DEBUG;
				SWIFT_OPTIMIZATION_LEVEL = "-Onone";
			};
			name = Debug;
		};
		969B0DA228A2B9CE008467EA /* Release */ = {
			isa = XCBuildConfiguration;
			buildSettings = {
				ALWAYS_SEARCH_USER_PATHS = NO;
				CLANG_ANALYZER_NONNULL = YES;
				CLANG_ANALYZER_NUMBER_OBJECT_CONVERSION = YES_AGGRESSIVE;
				CLANG_CXX_LANGUAGE_STANDARD = "gnu++17";
				CLANG_ENABLE_MODULES = YES;
				CLANG_ENABLE_OBJC_ARC = YES;
				CLANG_ENABLE_OBJC_WEAK = YES;
				CLANG_WARN_BLOCK_CAPTURE_AUTORELEASING = YES;
				CLANG_WARN_BOOL_CONVERSION = YES;
				CLANG_WARN_COMMA = YES;
				CLANG_WARN_CONSTANT_CONVERSION = YES;
				CLANG_WARN_DEPRECATED_OBJC_IMPLEMENTATIONS = YES;
				CLANG_WARN_DIRECT_OBJC_ISA_USAGE = YES_ERROR;
				CLANG_WARN_DOCUMENTATION_COMMENTS = YES;
				CLANG_WARN_EMPTY_BODY = YES;
				CLANG_WARN_ENUM_CONVERSION = YES;
				CLANG_WARN_INFINITE_RECURSION = YES;
				CLANG_WARN_INT_CONVERSION = YES;
				CLANG_WARN_NON_LITERAL_NULL_CONVERSION = YES;
				CLANG_WARN_OBJC_IMPLICIT_RETAIN_SELF = YES;
				CLANG_WARN_OBJC_LITERAL_CONVERSION = YES;
				CLANG_WARN_OBJC_ROOT_CLASS = YES_ERROR;
				CLANG_WARN_QUOTED_INCLUDE_IN_FRAMEWORK_HEADER = YES;
				CLANG_WARN_RANGE_LOOP_ANALYSIS = YES;
				CLANG_WARN_STRICT_PROTOTYPES = YES;
				CLANG_WARN_SUSPICIOUS_MOVE = YES;
				CLANG_WARN_UNGUARDED_AVAILABILITY = YES_AGGRESSIVE;
				CLANG_WARN_UNREACHABLE_CODE = YES;
				CLANG_WARN__DUPLICATE_METHOD_MATCH = YES;
				COPY_PHASE_STRIP = NO;
				DEBUG_INFORMATION_FORMAT = "dwarf-with-dsym";
				ENABLE_NS_ASSERTIONS = NO;
				ENABLE_STRICT_OBJC_MSGSEND = YES;
				GCC_C_LANGUAGE_STANDARD = gnu11;
				GCC_NO_COMMON_BLOCKS = YES;
				GCC_WARN_64_TO_32_BIT_CONVERSION = YES;
				GCC_WARN_ABOUT_RETURN_TYPE = YES_ERROR;
				GCC_WARN_UNDECLARED_SELECTOR = YES;
				GCC_WARN_UNINITIALIZED_AUTOS = YES_AGGRESSIVE;
				GCC_WARN_UNUSED_FUNCTION = YES;
				GCC_WARN_UNUSED_VARIABLE = YES;
				IPHONEOS_DEPLOYMENT_TARGET = 15.5;
				MTL_ENABLE_DEBUG_INFO = NO;
				MTL_FAST_MATH = YES;
				SDKROOT = iphoneos;
				SWIFT_COMPILATION_MODE = wholemodule;
				SWIFT_OPTIMIZATION_LEVEL = "-O";
				VALIDATE_PRODUCT = YES;
			};
			name = Release;
		};
		969B0DA428A2B9CE008467EA /* Debug */ = {
			isa = XCBuildConfiguration;
			buildSettings = {
				ASSETCATALOG_COMPILER_APPICON_NAME = AppIcon;
				ASSETCATALOG_COMPILER_GLOBAL_ACCENT_COLOR_NAME = AccentColor;
				CODE_SIGN_STYLE = Automatic;
				CURRENT_PROJECT_VERSION = 1;
				GENERATE_INFOPLIST_FILE = YES;
				INFOPLIST_FILE = myProject/Info.plist;
				INFOPLIST_KEY_UIApplicationSupportsIndirectInputEvents = YES;
				INFOPLIST_KEY_UILaunchStoryboardName = LaunchScreen;
				INFOPLIST_KEY_UIMainStoryboardFile = Main;
				INFOPLIST_KEY_UISupportedInterfaceOrientations_iPad = "UIInterfaceOrientationPortrait UIInterfaceOrientationPortraitUpsideDown UIInterfaceOrientationLandscapeLeft UIInterfaceOrientationLandscapeRight";
				INFOPLIST_KEY_UISupportedInterfaceOrientations_iPhone = "UIInterfaceOrientationPortrait UIInterfaceOrientationLandscapeLeft UIInterfaceOrientationLandscapeRight";
				LD_RUNPATH_SEARCH_PATHS = (
					"$(inherited)",
					"@executable_path/Frameworks",
				);
				MARKETING_VERSION = 1.0;
				PRODUCT_BUNDLE_IDENTIFIER = My.myProject;
				PRODUCT_NAME = "$(TARGET_NAME)";
				SWIFT_EMIT_LOC_STRINGS = YES;
				SWIFT_VERSION = 5.0;
				TARGETED_DEVICE_FAMILY = "1,2";
			};
			name = Debug;
		};
		969B0DA528A2B9CE008467EA /* Release */ = {
			isa = XCBuildConfiguration;
			buildSettings = {
				ASSETCATALOG_COMPILER_APPICON_NAME = AppIcon;
				ASSETCATALOG_COMPILER_GLOBAL_ACCENT_COLOR_NAME = AccentColor;
				CODE_SIGN_STYLE = Automatic;
				CURRENT_PROJECT_VERSION = 1;
				GENERATE_INFOPLIST_FILE = YES;
				INFOPLIST_FILE = myProject/Info.plist;
				INFOPLIST_KEY_UIApplicationSupportsIndirectInputEvents = YES;
				INFOPLIST_KEY_UILaunchStoryboardName = LaunchScreen;
				INFOPLIST_KEY_UIMainStoryboardFile = Main;
				INFOPLIST_KEY_UISupportedInterfaceOrientations_iPad = "UIInterfaceOrientationPortrait UIInterfaceOrientationPortraitUpsideDown UIInterfaceOrientationLandscapeLeft UIInterfaceOrientationLandscapeRight";
				INFOPLIST_KEY_UISupportedInterfaceOrientations_iPhone = "UIInterfaceOrientationPortrait UIInterfaceOrientationLandscapeLeft UIInterfaceOrientationLandscapeRight";
				LD_RUNPATH_SEARCH_PATHS = (
					"$(inherited)",
					"@executable_path/Frameworks",
				);
				MARKETING_VERSION = 1.0;
				PRODUCT_BUNDLE_IDENTIFIER = My.myProject;
				PRODUCT_NAME = "$(TARGET_NAME)";
				SWIFT_EMIT_LOC_STRINGS = YES;
				SWIFT_VERSION = 5.0;
				TARGETED_DEVICE_FAMILY = "1,2";
			};
			name = Release;
		};
/* End XCBuildConfiguration section */

/* Begin XCConfigurationList section */
		969B0D8A28A2B9CB008467EA /* Build configuration list for PBXProject "myProject" */ = {
			isa = XCConfigurationList;
			buildConfigurations = (
				969B0DA128A2B9CE008467EA /* Debug */,
				969B0DA228A2B9CE008467EA /* Release */,
			);
			defaultConfigurationIsVisible = 0;
			defaultConfigurationName = Release;
		};
		969B0DA328A2B9CE008467EA /* Build configuration list for PBXNativeTarget "myProject" */ = {
			isa = XCConfigurationList;
			buildConfigurations = (
				969B0DA428A2B9CE008467EA /* Debug */,
				969B0DA528A2B9CE008467EA /* Release */,
			);
			defaultConfigurationIsVisible = 0;
			defaultConfigurationName = Release;
		};
/* End XCConfigurationList section */
	};
	rootObject = 969B0D8728A2B9CB008467EA /* Project object */;
}
